
Microsoft Visual Studio Solution File, Format Version 12.00
# Visual Studio 15
VisualStudioVersion = 15.0.26124.0
MinimumVisualStudioVersion = 15.0.26124.0
Project("{FAE04EC0-301F-11D3-BF4B-00C04F79EFBC}") = "quotable.console", "quotable.console\quotable.console.csproj", "{6099F596-C781-4A15-B078-8E68BB86B03A}"
EndProject
Project("{FAE04EC0-301F-11D3-BF4B-00C04F79EFBC}") = "quotable.core", "quotable.core\quotable.core.csproj", "{A214679E-8350-4C94-8A59-2F1ED90B8877}"
EndProject
Global
	GlobalSection(SolutionConfigurationPlatforms) = preSolution
		Debug|Any CPU = Debug|Any CPU
		Debug|x64 = Debug|x64
		Debug|x86 = Debug|x86
		Release|Any CPU = Release|Any CPU
		Release|x64 = Release|x64
		Release|x86 = Release|x86
	EndGlobalSection
	GlobalSection(SolutionProperties) = preSolution
		HideSolutionNode = FALSE
	EndGlobalSection
	GlobalSection(ProjectConfigurationPlatforms) = postSolution
		{6099F596-C781-4A15-B078-8E68BB86B03A}.Debug|Any CPU.ActiveCfg = Debug|Any CPU
		{6099F596-C781-4A15-B078-8E68BB86B03A}.Debug|Any CPU.Build.0 = Debug|Any CPU
		{6099F596-C781-4A15-B078-8E68BB86B03A}.Debug|x64.ActiveCfg = Debug|Any CPU
		{6099F596-C781-4A15-B078-8E68BB86B03A}.Debug|x64.Build.0 = Debug|Any CPU
		{6099F596-C781-4A15-B078-8E68BB86B03A}.Debug|x86.ActiveCfg = Debug|Any CPU
		{6099F596-C781-4A15-B078-8E68BB86B03A}.Debug|x86.Build.0 = Debug|Any CPU
		{6099F596-C781-4A15-B078-8E68BB86B03A}.Release|Any CPU.ActiveCfg = Release|Any CPU
		{6099F596-C781-4A15-B078-8E68BB86B03A}.Release|Any CPU.Build.0 = Release|Any CPU
		{6099F596-C781-4A15-B078-8E68BB86B03A}.Release|x64.ActiveCfg = Release|Any CPU
		{6099F596-C781-4A15-B078-8E68BB86B03A}.Release|x64.Build.0 = Release|Any CPU
		{6099F596-C781-4A15-B078-8E68BB86B03A}.Release|x86.ActiveCfg = Release|Any CPU
		{6099F596-C781-4A15-B078-8E68BB86B03A}.Release|x86.Build.0 = Release|Any CPU
		{A214679E-8350-4C94-8A59-2F1ED90B8877}.Debug|Any CPU.ActiveCfg = Debug|Any CPU
		{A214679E-8350-4C94-8A59-2F1ED90B8877}.Debug|Any CPU.Build.0 = Debug|Any CPU
		{A214679E-8350-4C94-8A59-2F1ED90B8877}.Debug|x64.ActiveCfg = Debug|Any CPU
		{A214679E-8350-4C94-8A59-2F1ED90B8877}.Debug|x64.Build.0 = Debug|Any CPU
		{A214679E-8350-4C94-8A59-2F1ED90B8877}.Debug|x86.ActiveCfg = Debug|Any CPU
		{A214679E-8350-4C94-8A59-2F1ED90B8877}.Debug|x86.Build.0 = Debug|Any CPU
		{A214679E-8350-4C94-8A59-2F1ED90B8877}.Release|Any CPU.ActiveCfg = Release|Any CPU
		{A214679E-8350-4C94-8A59-2F1ED90B8877}.Release|Any CPU.Build.0 = Release|Any CPU
		{A214679E-8350-4C94-8A59-2F1ED90B8877}.Release|x64.ActiveCfg = Release|Any CPU
		{A214679E-8350-4C94-8A59-2F1ED90B8877}.Release|x64.Build.0 = Release|Any CPU
		{A214679E-8350-4C94-8A59-2F1ED90B8877}.Release|x86.ActiveCfg = Release|Any CPU
		{A214679E-8350-4C94-8A59-2F1ED90B8877}.Release|x86.Build.0 = Release|Any CPU
	EndGlobalSection
EndGlobal
